
Microsoft Visual Studio Solution File, Format Version 12.00
# Visual Studio Version 17
VisualStudioVersion = 17.12.35527.113 d17.12
MinimumVisualStudioVersion = 10.0.40219.1
Project("{FAE04EC0-301F-11D3-BF4B-00C04F79EFBC}") = "flyinformation(lab6)", "flyinformation(lab6)\flyinformation(lab6).csproj", "{70D4982B-4A10-4676-AF1F-532E0E142E5A}"
EndProject
Global
	GlobalSection(SolutionConfigurationPlatforms) = preSolution
		Debug|Any CPU = Debug|Any CPU
		Release|Any CPU = Release|Any CPU
	EndGlobalSection
	GlobalSection(ProjectConfigurationPlatforms) = postSolution
		{70D4982B-4A10-4676-AF1F-532E0E142E5A}.Debug|Any CPU.ActiveCfg = Debug|Any CPU
		{70D4982B-4A10-4676-AF1F-532E0E142E5A}.Debug|Any CPU.Build.0 = Debug|Any CPU
		{70D4982B-4A10-4676-AF1F-532E0E142E5A}.Release|Any CPU.ActiveCfg = Release|Any CPU
		{70D4982B-4A10-4676-AF1F-532E0E142E5A}.Release|Any CPU.Build.0 = Release|Any CPU
	EndGlobalSection
	GlobalSection(SolutionProperties) = preSolution
		HideSolutionNode = FALSE
	EndGlobalSection
EndGlobal
